
Microsoft Visual Studio Solution File, Format Version 12.00
# Visual Studio Version 17
VisualStudioVersion = 17.0.31903.59
MinimumVisualStudioVersion = 10.0.40219.1
Project("{FAE04EC0-301F-11D3-BF4B-00C04F79EFBC}") = "HavcManager.Core", "HavcManager.Core\HavcManager.Core.csproj", "{CC588D32-49F3-41F8-8F48-C9E4786CFC01}"
EndProject
Project("{FAE04EC0-301F-11D3-BF4B-00C04F79EFBC}") = "HavcManager.App", "HavcManager.App\HavcManager.App.csproj", "{F6A52B95-5165-4EEB-9341-2FB53EF64DCF}"
EndProject
Global
	GlobalSection(SolutionConfigurationPlatforms) = preSolution
		Debug|Any CPU = Debug|Any CPU
		Debug|x64 = Debug|x64
		Debug|x86 = Debug|x86
		Release|Any CPU = Release|Any CPU
		Release|x64 = Release|x64
		Release|x86 = Release|x86
	EndGlobalSection
	GlobalSection(ProjectConfigurationPlatforms) = postSolution
		{CC588D32-49F3-41F8-8F48-C9E4786CFC01}.Debug|Any CPU.ActiveCfg = Debug|Any CPU
		{CC588D32-49F3-41F8-8F48-C9E4786CFC01}.Debug|Any CPU.Build.0 = Debug|Any CPU
		{CC588D32-49F3-41F8-8F48-C9E4786CFC01}.Debug|x64.ActiveCfg = Debug|Any CPU
		{CC588D32-49F3-41F8-8F48-C9E4786CFC01}.Debug|x64.Build.0 = Debug|Any CPU
		{CC588D32-49F3-41F8-8F48-C9E4786CFC01}.Debug|x86.ActiveCfg = Debug|Any CPU
		{CC588D32-49F3-41F8-8F48-C9E4786CFC01}.Debug|x86.Build.0 = Debug|Any CPU
		{CC588D32-49F3-41F8-8F48-C9E4786CFC01}.Release|Any CPU.ActiveCfg = Release|Any CPU
		{CC588D32-49F3-41F8-8F48-C9E4786CFC01}.Release|Any CPU.Build.0 = Release|Any CPU
		{CC588D32-49F3-41F8-8F48-C9E4786CFC01}.Release|x64.ActiveCfg = Release|Any CPU
		{CC588D32-49F3-41F8-8F48-C9E4786CFC01}.Release|x64.Build.0 = Release|Any CPU
		{CC588D32-49F3-41F8-8F48-C9E4786CFC01}.Release|x86.ActiveCfg = Release|Any CPU
		{CC588D32-49F3-41F8-8F48-C9E4786CFC01}.Release|x86.Build.0 = Release|Any CPU
		{F6A52B95-5165-4EEB-9341-2FB53EF64DCF}.Debug|Any CPU.ActiveCfg = Debug|Any CPU
		{F6A52B95-5165-4EEB-9341-2FB53EF64DCF}.Debug|Any CPU.Build.0 = Debug|Any CPU
		{F6A52B95-5165-4EEB-9341-2FB53EF64DCF}.Debug|x64.ActiveCfg = Debug|Any CPU
		{F6A52B95-5165-4EEB-9341-2FB53EF64DCF}.Debug|x64.Build.0 = Debug|Any CPU
		{F6A52B95-5165-4EEB-9341-2FB53EF64DCF}.Debug|x86.ActiveCfg = Debug|Any CPU
		{F6A52B95-5165-4EEB-9341-2FB53EF64DCF}.Debug|x86.Build.0 = Debug|Any CPU
		{F6A52B95-5165-4EEB-9341-2FB53EF64DCF}.Release|Any CPU.ActiveCfg = Release|Any CPU
		{F6A52B95-5165-4EEB-9341-2FB53EF64DCF}.Release|Any CPU.Build.0 = Release|Any CPU
		{F6A52B95-5165-4EEB-9341-2FB53EF64DCF}.Release|x64.ActiveCfg = Release|Any CPU
		{F6A52B95-5165-4EEB-9341-2FB53EF64DCF}.Release|x64.Build.0 = Release|Any CPU
		{F6A52B95-5165-4EEB-9341-2FB53EF64DCF}.Release|x86.ActiveCfg = Release|Any CPU
		{F6A52B95-5165-4EEB-9341-2FB53EF64DCF}.Release|x86.Build.0 = Release|Any CPU
	EndGlobalSection
	GlobalSection(SolutionProperties) = preSolution
		HideSolutionNode = FALSE
	EndGlobalSection
EndGlobal
